// !$*UTF8*$!
{
	archiveVersion = 1;
	classes = {
	};
	objectVersion = 51;
	objects = {

/* Begin PBXBuildFile section */
		B1A72680B377587A4F77CB73 /* Pods_CADViewer.framework in Frameworks */ = {isa = PBXBuildFile; fileRef = 3FC7784DE044FFAB8F642ED7 /* Pods_CADViewer.framework */; };
		BC857F762530142800CBB9C8 /* AppDelegate.swift in Sources */ = {isa = PBXBuildFile; fileRef = BC857F752530142800CBB9C8 /* AppDelegate.swift */; };
		BC857F782530142800CBB9C8 /* SceneDelegate.swift in Sources */ = {isa = PBXBuildFile; fileRef = BC857F772530142800CBB9C8 /* SceneDelegate.swift */; };
		BC857F7A2530142800CBB9C8 /* ViewController.swift in Sources */ = {isa = PBXBuildFile; fileRef = BC857F792530142800CBB9C8 /* ViewController.swift */; };
		BC857F7D2530142800CBB9C8 /* Main.storyboard in Resources */ = {isa = PBXBuildFile; fileRef = BC857F7B2530142800CBB9C8 /* Main.storyboard */; };
		BC857F7F2530142A00CBB9C8 /* Assets.xcassets in Resources */ = {isa = PBXBuildFile; fileRef = BC857F7E2530142A00CBB9C8 /* Assets.xcassets */; };
		BC857F822530142A00CBB9C8 /* LaunchScreen.storyboard in Resources */ = {isa = PBXBuildFile; fileRef = BC857F802530142A00CBB9C8 /* LaunchScreen.storyboard */; };
/* End PBXBuildFile section */

/* Begin PBXFileReference section */
		0C3C820520BC6D3E3B198515 /* Pods-CADViewer.debug.xcconfig */ = {isa = PBXFileReference; includeInIndex = 1; lastKnownFileType = text.xcconfig; name = "Pods-CADViewer.debug.xcconfig"; path = "Target Support Files/Pods-CADViewer/Pods-CADViewer.debug.xcconfig"; sourceTree = "<group>"; };
		3FC7784DE044FFAB8F642ED7 /* Pods_CADViewer.framework */ = {isa = PBXFileReference; explicitFileType = wrapper.framework; includeInIndex = 0; path = Pods_CADViewer.framework; sourceTree = BUILT_PRODUCTS_DIR; };
		BC857F722530142800CBB9C8 /* CADViewer.app */ = {isa = PBXFileReference; explicitFileType = wrapper.application; includeInIndex = 0; path = CADViewer.app; sourceTree = BUILT_PRODUCTS_DIR; };
		BC857F752530142800CBB9C8 /* AppDelegate.swift */ = {isa = PBXFileReference; lastKnownFileType = sourcecode.swift; path = AppDelegate.swift; sourceTree = "<group>"; };
		BC857F772530142800CBB9C8 /* SceneDelegate.swift */ = {isa = PBXFileReference; lastKnownFileType = sourcecode.swift; path = SceneDelegate.swift; sourceTree = "<group>"; };
		BC857F792530142800CBB9C8 /* ViewController.swift */ = {isa = PBXFileReference; lastKnownFileType = sourcecode.swift; path = ViewController.swift; sourceTree = "<group>"; };
		BC857F7C2530142800CBB9C8 /* Base */ = {isa = PBXFileReference; lastKnownFileType = file.storyboard; name = Base; path = Base.lproj/Main.storyboard; sourceTree = "<group>"; };
		BC857F7E2530142A00CBB9C8 /* Assets.xcassets */ = {isa = PBXFileReference; lastKnownFileType = folder.assetcatalog; path = Assets.xcassets; sourceTree = "<group>"; };
		BC857F812530142A00CBB9C8 /* Base */ = {isa = PBXFileReference; lastKnownFileType = file.storyboard; name = Base; path = Base.lproj/LaunchScreen.storyboard; sourceTree = "<group>"; };
		BC857F832530142A00CBB9C8 /* Info.plist */ = {isa = PBXFileReference; lastKnownFileType = text.plist.xml; path = Info.plist; sourceTree = "<group>"; };
		E772941FD40115FF4D8B8BC7 /* Pods-CADViewer.release.xcconfig */ = {isa = PBXFileReference; includeInIndex = 1; lastKnownFileType = text.xcconfig; name = "Pods-CADViewer.release.xcconfig"; path = "Target Support Files/Pods-CADViewer/Pods-CADViewer.release.xcconfig"; sourceTree = "<group>"; };
/* End PBXFileReference section */

/* Begin PBXFrameworksBuildPhase section */
		BC857F6F2530142800CBB9C8 /* Frameworks */ = {
			isa = PBXFrameworksBuildPhase;
			buildActionMask = 2147483647;
			files = (
				B1A72680B377587A4F77CB73 /* Pods_CADViewer.framework in Frameworks */,
			);
			runOnlyForDeploymentPostprocessing = 0;
		};
/* End PBXFrameworksBuildPhase section */

/* Begin PBXGroup section */
		61A29E7645509155AB1C64D5 /* Frameworks */ = {
			isa = PBXGroup;
			children = (
				3FC7784DE044FFAB8F642ED7 /* Pods_CADViewer.framework */,
			);
			name = Frameworks;
			sourceTree = "<group>";
		};
		9395D256D9C22D3A391C3D1A /* Pods */ = {
			isa = PBXGroup;
			children = (
				0C3C820520BC6D3E3B198515 /* Pods-CADViewer.debug.xcconfig */,
				E772941FD40115FF4D8B8BC7 /* Pods-CADViewer.release.xcconfig */,
			);
			path = Pods;
			sourceTree = "<group>";
		};
		BC857F692530142800CBB9C8 = {
			isa = PBXGroup;
			children = (
				BC857F742530142800CBB9C8 /* CADViewer */,
				BC857F732530142800CBB9C8 /* Products */,
				9395D256D9C22D3A391C3D1A /* Pods */,
				61A29E7645509155AB1C64D5 /* Frameworks */,
			);
			sourceTree = "<group>";
		};
		BC857F732530142800CBB9C8 /* Products */ = {
			isa = PBXGroup;
			children = (
				BC857F722530142800CBB9C8 /* CADViewer.app */,
			);
			name = Products;
			sourceTree = "<group>";
		};
		BC857F742530142800CBB9C8 /* CADViewer */ = {
			isa = PBXGroup;
			children = (
				BC857F752530142800CBB9C8 /* AppDelegate.swift */,
				BC857F772530142800CBB9C8 /* SceneDelegate.swift */,
				BC857F792530142800CBB9C8 /* ViewController.swift */,
				BC857F7B2530142800CBB9C8 /* Main.storyboard */,
				BC857F7E2530142A00CBB9C8 /* Assets.xcassets */,
				BC857F802530142A00CBB9C8 /* LaunchScreen.storyboard */,
				BC857F832530142A00CBB9C8 /* Info.plist */,
			);
			path = CADViewer;
			sourceTree = "<group>";
		};
/* End PBXGroup section */

/* Begin PBXNativeTarget section */
		BC857F712530142800CBB9C8 /* CADViewer */ = {
			isa = PBXNativeTarget;
			buildConfigurationList = BC857F862530142A00CBB9C8 /* Build configuration list for PBXNativeTarget "CADViewer" */;
			buildPhases = (
				A136AB00ED207DF16F633AE0 /* [CP] Check Pods Manifest.lock */,
				BC857F6E2530142800CBB9C8 /* Sources */,
				BC857F6F2530142800CBB9C8 /* Frameworks */,
				BC857F702530142800CBB9C8 /* Resources */,
				32101278D9B8D0B813E7B503 /* [CP] Embed Pods Frameworks */,
				F630548A10E327C77081AF31 /* [CP] Copy Pods Resources */,
			);
			buildRules = (
			);
			dependencies = (
			);
			name = CADViewer;
			productName = CADViewer;
			productReference = BC857F722530142800CBB9C8 /* CADViewer.app */;
			productType = "com.apple.product-type.application";
		};
/* End PBXNativeTarget section */

/* Begin PBXProject section */
		BC857F6A2530142800CBB9C8 /* Project object */ = {
			isa = PBXProject;
			attributes = {
				LastSwiftUpdateCheck = 1200;
				LastUpgradeCheck = 1200;
				TargetAttributes = {
					BC857F712530142800CBB9C8 = {
						CreatedOnToolsVersion = 12.0.1;
					};
				};
			};
			buildConfigurationList = BC857F6D2530142800CBB9C8 /* Build configuration list for PBXProject "CADViewer" */;
			compatibilityVersion = "Xcode 9.3";
			developmentRegion = en;
			hasScannedForEncodings = 0;
			knownRegions = (
				en,
				Base,
			);
			mainGroup = BC857F692530142800CBB9C8;
			productRefGroup = BC857F732530142800CBB9C8 /* Products */;
			projectDirPath = "";
			projectRoot = "";
			targets = (
				BC857F712530142800CBB9C8 /* CADViewer */,
			);
		};
/* End PBXProject section */

/* Begin PBXResourcesBuildPhase section */
		BC857F702530142800CBB9C8 /* Resources */ = {
			isa = PBXResourcesBuildPhase;
			buildActionMask = 2147483647;
			files = (
				BC857F822530142A00CBB9C8 /* LaunchScreen.storyboard in Resources */,
				BC857F7F2530142A00CBB9C8 /* Assets.xcassets in Resources */,
				BC857F7D2530142800CBB9C8 /* Main.storyboard in Resources */,
			);
			runOnlyForDeploymentPostprocessing = 0;
		};
/* End PBXResourcesBuildPhase section */

/* Begin PBXShellScriptBuildPhase section */
		32101278D9B8D0B813E7B503 /* [CP] Embed Pods Frameworks */ = {
			isa = PBXShellScriptBuildPhase;
			buildActionMask = 2147483647;
			files = (
			);
			inputFileListPaths = (
				"${PODS_ROOT}/Target Support Files/Pods-CADViewer/Pods-CADViewer-frameworks-${CONFIGURATION}-input-files.xcfilelist",
			);
			name = "[CP] Embed Pods Frameworks";
			outputFileListPaths = (
				"${PODS_ROOT}/Target Support Files/Pods-CADViewer/Pods-CADViewer-frameworks-${CONFIGURATION}-output-files.xcfilelist",
			);
			runOnlyForDeploymentPostprocessing = 0;
			shellPath = /bin/sh;
			shellScript = "\"${PODS_ROOT}/Target Support Files/Pods-CADViewer/Pods-CADViewer-frameworks.sh\"\n";
			showEnvVarsInLog = 0;
		};
		A136AB00ED207DF16F633AE0 /* [CP] Check Pods Manifest.lock */ = {
			isa = PBXShellScriptBuildPhase;
			buildActionMask = 2147483647;
			files = (
			);
			inputFileListPaths = (
			);
			inputPaths = (
				"${PODS_PODFILE_DIR_PATH}/Podfile.lock",
				"${PODS_ROOT}/Manifest.lock",
			);
			name = "[CP] Check Pods Manifest.lock";
			outputFileListPaths = (
			);
			outputPaths = (
				"$(DERIVED_FILE_DIR)/Pods-CADViewer-checkManifestLockResult.txt",
			);
			runOnlyForDeploymentPostprocessing = 0;
			shellPath = /bin/sh;
			shellScript = "diff \"${PODS_PODFILE_DIR_PATH}/Podfile.lock\" \"${PODS_ROOT}/Manifest.lock\" > /dev/null\nif [ $? != 0 ] ; then\n    # print error to STDERR\n    echo \"error: The sandbox is not in sync with the Podfile.lock. Run 'pod install' or update your CocoaPods installation.\" >&2\n    exit 1\nfi\n# This output is used by Xcode 'outputs' to avoid re-running this script phase.\necho \"SUCCESS\" > \"${SCRIPT_OUTPUT_FILE_0}\"\n";
			showEnvVarsInLog = 0;
		};
		F630548A10E327C77081AF31 /* [CP] Copy Pods Resources */ = {
			isa = PBXShellScriptBuildPhase;
			buildActionMask = 2147483647;
			files = (
			);
			inputFileListPaths = (
				"${PODS_ROOT}/Target Support Files/Pods-CADViewer/Pods-CADViewer-resources-${CONFIGURATION}-input-files.xcfilelist",
			);
			name = "[CP] Copy Pods Resources";
			outputFileListPaths = (
				"${PODS_ROOT}/Target Support Files/Pods-CADViewer/Pods-CADViewer-resources-${CONFIGURATION}-output-files.xcfilelist",
			);
			runOnlyForDeploymentPostprocessing = 0;
			shellPath = /bin/sh;
			shellScript = "\"${PODS_ROOT}/Target Support Files/Pods-CADViewer/Pods-CADViewer-resources.sh\"\n";
			showEnvVarsInLog = 0;
		};
/* End PBXShellScriptBuildPhase section */

/* Begin PBXSourcesBuildPhase section */
		BC857F6E2530142800CBB9C8 /* Sources */ = {
			isa = PBXSourcesBuildPhase;
			buildActionMask = 2147483647;
			files = (
				BC857F7A2530142800CBB9C8 /* ViewController.swift in Sources */,
				BC857F762530142800CBB9C8 /* AppDelegate.swift in Sources */,
				BC857F782530142800CBB9C8 /* SceneDelegate.swift in Sources */,
			);
			runOnlyForDeploymentPostprocessing = 0;
		};
/* End PBXSourcesBuildPhase section */

/* Begin PBXVariantGroup section */
		BC857F7B2530142800CBB9C8 /* Main.storyboard */ = {
			isa = PBXVariantGroup;
			children = (
				BC857F7C2530142800CBB9C8 /* Base */,
			);
			name = Main.storyboard;
			sourceTree = "<group>";
		};
		BC857F802530142A00CBB9C8 /* LaunchScreen.storyboard */ = {
			isa = PBXVariantGroup;
			children = (
				BC857F812530142A00CBB9C8 /* Base */,
			);
			name = LaunchScreen.storyboard;
			sourceTree = "<group>";
		};
/* End PBXVariantGroup section */

/* Begin XCBuildConfiguration section */
		BC857F842530142A00CBB9C8 /* Debug */ = {
			isa = XCBuildConfiguration;
			buildSettings = {
				ALWAYS_SEARCH_USER_PATHS = NO;
				CLANG_ANALYZER_NONNULL = YES;
				CLANG_ANALYZER_NUMBER_OBJECT_CONVERSION = YES_AGGRESSIVE;
				CLANG_CXX_LANGUAGE_STANDARD = "gnu++14";
				CLANG_CXX_LIBRARY = "libc++";
				CLANG_ENABLE_MODULES = YES;
				CLANG_ENABLE_OBJC_ARC = YES;
				CLANG_ENABLE_OBJC_WEAK = YES;
				CLANG_WARN_BLOCK_CAPTURE_AUTORELEASING = YES;
				CLANG_WARN_BOOL_CONVERSION = YES;
				CLANG_WARN_COMMA = YES;
				CLANG_WARN_CONSTANT_CONVERSION = YES;
				CLANG_WARN_DEPRECATED_OBJC_IMPLEMENTATIONS = YES;
				CLANG_WARN_DIRECT_OBJC_ISA_USAGE = YES_ERROR;
				CLANG_WARN_DOCUMENTATION_COMMENTS = YES;
				CLANG_WARN_EMPTY_BODY = YES;
				CLANG_WARN_ENUM_CONVERSION = YES;
				CLANG_WARN_INFINITE_RECURSION = YES;
				CLANG_WARN_INT_CONVERSION = YES;
				CLANG_WARN_NON_LITERAL_NULL_CONVERSION = YES;
				CLANG_WARN_OBJC_IMPLICIT_RETAIN_SELF = YES;
				CLANG_WARN_OBJC_LITERAL_CONVERSION = YES;
				CLANG_WARN_OBJC_ROOT_CLASS = YES_ERROR;
				CLANG_WARN_QUOTED_INCLUDE_IN_FRAMEWORK_HEADER = YES;
				CLANG_WARN_RANGE_LOOP_ANALYSIS = YES;
				CLANG_WARN_STRICT_PROTOTYPES = YES;
				CLANG_WARN_SUSPICIOUS_MOVE = YES;
				CLANG_WARN_UNGUARDED_AVAILABILITY = YES_AGGRESSIVE;
				CLANG_WARN_UNREACHABLE_CODE = YES;
				CLANG_WARN__DUPLICATE_METHOD_MATCH = YES;
				COPY_PHASE_STRIP = NO;
				DEBUG_INFORMATION_FORMAT = dwarf;
				ENABLE_STRICT_OBJC_MSGSEND = YES;
				ENABLE_TESTABILITY = YES;
				GCC_C_LANGUAGE_STANDARD = gnu11;
				GCC_DYNAMIC_NO_PIC = NO;
				GCC_NO_COMMON_BLOCKS = YES;
				GCC_OPTIMIZATION_LEVEL = 0;
				GCC_PREPROCESSOR_DEFINITIONS = (
					"DEBUG=1",
					"$(inherited)",
				);
				GCC_WARN_64_TO_32_BIT_CONVERSION = YES;
				GCC_WARN_ABOUT_RETURN_TYPE = YES_ERROR;
				GCC_WARN_UNDECLARED_SELECTOR = YES;
				GCC_WARN_UNINITIALIZED_AUTOS = YES_AGGRESSIVE;
				GCC_WARN_UNUSED_FUNCTION = YES;
				GCC_WARN_UNUSED_VARIABLE = YES;
				IPHONEOS_DEPLOYMENT_TARGET = 14.0;
				MTL_ENABLE_DEBUG_INFO = INCLUDE_SOURCE;
				MTL_FAST_MATH = YES;
				ONLY_ACTIVE_ARCH = YES;
				SDKROOT = iphoneos;
				SWIFT_ACTIVE_COMPILATION_CONDITIONS = DEBUG;
				SWIFT_OPTIMIZATION_LEVEL = "-Onone";
			};
			name = Debug;
		};
		BC857F852530142A00CBB9C8 /* Release */ = {
			isa = XCBuildConfiguration;
			buildSettings = {
				ALWAYS_SEARCH_USER_PATHS = NO;
				CLANG_ANALYZER_NONNULL = YES;
				CLANG_ANALYZER_NUMBER_OBJECT_CONVERSION = YES_AGGRESSIVE;
				CLANG_CXX_LANGUAGE_STANDARD = "gnu++14";
				CLANG_CXX_LIBRARY = "libc++";
				CLANG_ENABLE_MODULES = YES;
				CLANG_ENABLE_OBJC_ARC = YES;
				CLANG_ENABLE_OBJC_WEAK = YES;
				CLANG_WARN_BLOCK_CAPTURE_AUTORELEASING = YES;
				CLANG_WARN_BOOL_CONVERSION = YES;
				CLANG_WARN_COMMA = YES;
				CLANG_WARN_CONSTANT_CONVERSION = YES;
				CLANG_WARN_DEPRECATED_OBJC_IMPLEMENTATIONS = YES;
				CLANG_WARN_DIRECT_OBJC_ISA_USAGE = YES_ERROR;
				CLANG_WARN_DOCUMENTATION_COMMENTS = YES;
				CLANG_WARN_EMPTY_BODY = YES;
				CLANG_WARN_ENUM_CONVERSION = YES;
				CLANG_WARN_INFINITE_RECURSION = YES;
				CLANG_WARN_INT_CONVERSION = YES;
				CLANG_WARN_NON_LITERAL_NULL_CONVERSION = YES;
				CLANG_WARN_OBJC_IMPLICIT_RETAIN_SELF = YES;
				CLANG_WARN_OBJC_LITERAL_CONVERSION = YES;
				CLANG_WARN_OBJC_ROOT_CLASS = YES_ERROR;
				CLANG_WARN_QUOTED_INCLUDE_IN_FRAMEWORK_HEADER = YES;
				CLANG_WARN_RANGE_LOOP_ANALYSIS = YES;
				CLANG_WARN_STRICT_PROTOTYPES = YES;
				CLANG_WARN_SUSPICIOUS_MOVE = YES;
				CLANG_WARN_UNGUARDED_AVAILABILITY = YES_AGGRESSIVE;
				CLANG_WARN_UNREACHABLE_CODE = YES;
				CLANG_WARN__DUPLICATE_METHOD_MATCH = YES;
				COPY_PHASE_STRIP = NO;
				DEBUG_INFORMATION_FORMAT = "dwarf-with-dsym";
				ENABLE_NS_ASSERTIONS = NO;
				ENABLE_STRICT_OBJC_MSGSEND = YES;
				GCC_C_LANGUAGE_STANDARD = gnu11;
				GCC_NO_COMMON_BLOCKS = YES;
				GCC_WARN_64_TO_32_BIT_CONVERSION = YES;
				GCC_WARN_ABOUT_RETURN_TYPE = YES_ERROR;
				GCC_WARN_UNDECLARED_SELECTOR = YES;
				GCC_WARN_UNINITIALIZED_AUTOS = YES_AGGRESSIVE;
				GCC_WARN_UNUSED_FUNCTION = YES;
				GCC_WARN_UNUSED_VARIABLE = YES;
				IPHONEOS_DEPLOYMENT_TARGET = 14.0;
				MTL_ENABLE_DEBUG_INFO = NO;
				MTL_FAST_MATH = YES;
				SDKROOT = iphoneos;
				SWIFT_COMPILATION_MODE = wholemodule;
				SWIFT_OPTIMIZATION_LEVEL = "-O";
				VALIDATE_PRODUCT = YES;
			};
			name = Release;
		};
		BC857F872530142A00CBB9C8 /* Debug */ = {
			isa = XCBuildConfiguration;
			baseConfigurationReference = 0C3C820520BC6D3E3B198515 /* Pods-CADViewer.debug.xcconfig */;
			buildSettings = {
				ASSETCATALOG_COMPILER_APPICON_NAME = AppIcon;
				ASSETCATALOG_COMPILER_GLOBAL_ACCENT_COLOR_NAME = AccentColor;
				CODE_SIGN_STYLE = Automatic;
				DEVELOPMENT_TEAM = ZRYP9G2XY2;
				INFOPLIST_FILE = CADViewer/Info.plist;
				IPHONEOS_DEPLOYMENT_TARGET = 13.0;
				LD_RUNPATH_SEARCH_PATHS = (
					"$(inherited)",
					"@executable_path/Frameworks",
				);
				PRODUCT_BUNDLE_IDENTIFIER = com.pdftron.CADViewer;
				PRODUCT_NAME = "$(TARGET_NAME)";
				SWIFT_VERSION = 5.0;
				TARGETED_DEVICE_FAMILY = "1,2";
			};
			name = Debug;
		};
		BC857F882530142A00CBB9C8 /* Release */ = {
			isa = XCBuildConfiguration;
			baseConfigurationReference = E772941FD40115FF4D8B8BC7 /* Pods-CADViewer.release.xcconfig */;
			buildSettings = {
				ASSETCATALOG_COMPILER_APPICON_NAME = AppIcon;
				ASSETCATALOG_COMPILER_GLOBAL_ACCENT_COLOR_NAME = AccentColor;
				CODE_SIGN_STYLE = Automatic;
				DEVELOPMENT_TEAM = ZRYP9G2XY2;
				INFOPLIST_FILE = CADViewer/Info.plist;
				IPHONEOS_DEPLOYMENT_TARGET = 13.0;
				LD_RUNPATH_SEARCH_PATHS = (
					"$(inherited)",
					"@executable_path/Frameworks",
				);
				PRODUCT_BUNDLE_IDENTIFIER = com.pdftron.CADViewer;
				PRODUCT_NAME = "$(TARGET_NAME)";
				SWIFT_VERSION = 5.0;
				TARGETED_DEVICE_FAMILY = "1,2";
			};
			name = Release;
		};
/* End XCBuildConfiguration section */

/* Begin XCConfigurationList section */
		BC857F6D2530142800CBB9C8 /* Build configuration list for PBXProject "CADViewer" */ = {
			isa = XCConfigurationList;
			buildConfigurations = (
				BC857F842530142A00CBB9C8 /* Debug */,
				BC857F852530142A00CBB9C8 /* Release */,
			);
			defaultConfigurationIsVisible = 0;
			defaultConfigurationName = Release;
		};
		BC857F862530142A00CBB9C8 /* Build configuration list for PBXNativeTarget "CADViewer" */ = {
			isa = XCConfigurationList;
			buildConfigurations = (
				BC857F872530142A00CBB9C8 /* Debug */,
				BC857F882530142A00CBB9C8 /* Release */,
			);
			defaultConfigurationIsVisible = 0;
			defaultConfigurationName = Release;
		};
/* End XCConfigurationList section */
	};
	rootObject = BC857F6A2530142800CBB9C8 /* Project object */;
}
