// !$*UTF8*$!
{
	archiveVersion = 1;
	classes = {
	};
	objectVersion = 55;
	objects = {

/* Begin PBXBuildFile section */
		7DECC1752818AE1C003435DA /* AppDelegate.m in Sources */ = {isa = PBXBuildFile; fileRef = 7DECC1742818AE1C003435DA /* AppDelegate.m */; };
		7DECC1782818AE1C003435DA /* SceneDelegate.m in Sources */ = {isa = PBXBuildFile; fileRef = 7DECC1772818AE1C003435DA /* SceneDelegate.m */; };
		7DECC17B2818AE1C003435DA /* ViewController.m in Sources */ = {isa = PBXBuildFile; fileRef = 7DECC17A2818AE1C003435DA /* ViewController.m */; };
		7DECC17E2818AE1C003435DA /* Main.storyboard in Resources */ = {isa = PBXBuildFile; fileRef = 7DECC17C2818AE1C003435DA /* Main.storyboard */; };
		7DECC1802818AE1D003435DA /* Assets.xcassets in Resources */ = {isa = PBXBuildFile; fileRef = 7DECC17F2818AE1D003435DA /* Assets.xcassets */; };
		7DECC1832818AE1D003435DA /* LaunchScreen.storyboard in Resources */ = {isa = PBXBuildFile; fileRef = 7DECC1812818AE1D003435DA /* LaunchScreen.storyboard */; };
		7DECC1862818AE1E003435DA /* main.m in Sources */ = {isa = PBXBuildFile; fileRef = 7DECC1852818AE1E003435DA /* main.m */; };
/* End PBXBuildFile section */

/* Begin PBXFileReference section */
		7DECC1702818AE1C003435DA /* PreBuiltRealTimeCollaborationObj-C.app */ = {isa = PBXFileReference; explicitFileType = wrapper.application; includeInIndex = 0; path = "PreBuiltRealTimeCollaborationObj-C.app"; sourceTree = BUILT_PRODUCTS_DIR; };
		7DECC1732818AE1C003435DA /* AppDelegate.h */ = {isa = PBXFileReference; lastKnownFileType = sourcecode.c.h; path = AppDelegate.h; sourceTree = "<group>"; };
		7DECC1742818AE1C003435DA /* AppDelegate.m */ = {isa = PBXFileReference; lastKnownFileType = sourcecode.c.objc; path = AppDelegate.m; sourceTree = "<group>"; };
		7DECC1762818AE1C003435DA /* SceneDelegate.h */ = {isa = PBXFileReference; lastKnownFileType = sourcecode.c.h; path = SceneDelegate.h; sourceTree = "<group>"; };
		7DECC1772818AE1C003435DA /* SceneDelegate.m */ = {isa = PBXFileReference; lastKnownFileType = sourcecode.c.objc; path = SceneDelegate.m; sourceTree = "<group>"; };
		7DECC1792818AE1C003435DA /* ViewController.h */ = {isa = PBXFileReference; lastKnownFileType = sourcecode.c.h; path = ViewController.h; sourceTree = "<group>"; };
		7DECC17A2818AE1C003435DA /* ViewController.m */ = {isa = PBXFileReference; lastKnownFileType = sourcecode.c.objc; path = ViewController.m; sourceTree = "<group>"; };
		7DECC17D2818AE1C003435DA /* Base */ = {isa = PBXFileReference; lastKnownFileType = file.storyboard; name = Base; path = Base.lproj/Main.storyboard; sourceTree = "<group>"; };
		7DECC17F2818AE1D003435DA /* Assets.xcassets */ = {isa = PBXFileReference; lastKnownFileType = folder.assetcatalog; path = Assets.xcassets; sourceTree = "<group>"; };
		7DECC1822818AE1D003435DA /* Base */ = {isa = PBXFileReference; lastKnownFileType = file.storyboard; name = Base; path = Base.lproj/LaunchScreen.storyboard; sourceTree = "<group>"; };
		7DECC1842818AE1E003435DA /* Info.plist */ = {isa = PBXFileReference; lastKnownFileType = text.plist.xml; path = Info.plist; sourceTree = "<group>"; };
		7DECC1852818AE1E003435DA /* main.m */ = {isa = PBXFileReference; lastKnownFileType = sourcecode.c.objc; path = main.m; sourceTree = "<group>"; };
/* End PBXFileReference section */

/* Begin PBXFrameworksBuildPhase section */
		7DECC16D2818AE1C003435DA /* Frameworks */ = {
			isa = PBXFrameworksBuildPhase;
			buildActionMask = 2147483647;
			files = (
			);
			runOnlyForDeploymentPostprocessing = 0;
		};
/* End PBXFrameworksBuildPhase section */

/* Begin PBXGroup section */
		7DECC1672818AE1C003435DA = {
			isa = PBXGroup;
			children = (
				7DECC1722818AE1C003435DA /* PreBuiltRealTimeCollaborationObj-C */,
				7DECC1712818AE1C003435DA /* Products */,
			);
			sourceTree = "<group>";
		};
		7DECC1712818AE1C003435DA /* Products */ = {
			isa = PBXGroup;
			children = (
				7DECC1702818AE1C003435DA /* PreBuiltRealTimeCollaborationObj-C.app */,
			);
			name = Products;
			sourceTree = "<group>";
		};
		7DECC1722818AE1C003435DA /* PreBuiltRealTimeCollaborationObj-C */ = {
			isa = PBXGroup;
			children = (
				7DECC1732818AE1C003435DA /* AppDelegate.h */,
				7DECC1742818AE1C003435DA /* AppDelegate.m */,
				7DECC1762818AE1C003435DA /* SceneDelegate.h */,
				7DECC1772818AE1C003435DA /* SceneDelegate.m */,
				7DECC1792818AE1C003435DA /* ViewController.h */,
				7DECC17A2818AE1C003435DA /* ViewController.m */,
				7DECC17C2818AE1C003435DA /* Main.storyboard */,
				7DECC17F2818AE1D003435DA /* Assets.xcassets */,
				7DECC1812818AE1D003435DA /* LaunchScreen.storyboard */,
				7DECC1842818AE1E003435DA /* Info.plist */,
				7DECC1852818AE1E003435DA /* main.m */,
			);
			path = "PreBuiltRealTimeCollaborationObj-C";
			sourceTree = "<group>";
		};
/* End PBXGroup section */

/* Begin PBXNativeTarget section */
		7DECC16F2818AE1C003435DA /* PreBuiltRealTimeCollaborationObj-C */ = {
			isa = PBXNativeTarget;
			buildConfigurationList = 7DECC1892818AE1E003435DA /* Build configuration list for PBXNativeTarget "PreBuiltRealTimeCollaborationObj-C" */;
			buildPhases = (
				7DECC16C2818AE1C003435DA /* Sources */,
				7DECC16D2818AE1C003435DA /* Frameworks */,
				7DECC16E2818AE1C003435DA /* Resources */,
			);
			buildRules = (
			);
			dependencies = (
			);
			name = "PreBuiltRealTimeCollaborationObj-C";
			packageProductDependencies = (
			);
			productName = "PreBuiltRealTimeCollaborationObj-C";
			productReference = 7DECC1702818AE1C003435DA /* PreBuiltRealTimeCollaborationObj-C.app */;
			productType = "com.apple.product-type.application";
		};
/* End PBXNativeTarget section */

/* Begin PBXProject section */
		7DECC1682818AE1C003435DA /* Project object */ = {
			isa = PBXProject;
			attributes = {
				BuildIndependentTargetsInParallel = 1;
				LastUpgradeCheck = 1330;
				TargetAttributes = {
					7DECC16F2818AE1C003435DA = {
						CreatedOnToolsVersion = 13.3.1;
					};
				};
			};
			buildConfigurationList = 7DECC16B2818AE1C003435DA /* Build configuration list for PBXProject "PreBuiltRealTimeCollaborationObj-C" */;
			compatibilityVersion = "Xcode 13.0";
			developmentRegion = en;
			hasScannedForEncodings = 0;
			knownRegions = (
				en,
				Base,
			);
			mainGroup = 7DECC1672818AE1C003435DA;
			packageReferences = (
			);
			productRefGroup = 7DECC1712818AE1C003435DA /* Products */;
			projectDirPath = "";
			projectRoot = "";
			targets = (
				7DECC16F2818AE1C003435DA /* PreBuiltRealTimeCollaborationObj-C */,
			);
		};
/* End PBXProject section */

/* Begin PBXResourcesBuildPhase section */
		7DECC16E2818AE1C003435DA /* Resources */ = {
			isa = PBXResourcesBuildPhase;
			buildActionMask = 2147483647;
			files = (
				7DECC1832818AE1D003435DA /* LaunchScreen.storyboard in Resources */,
				7DECC1802818AE1D003435DA /* Assets.xcassets in Resources */,
				7DECC17E2818AE1C003435DA /* Main.storyboard in Resources */,
			);
			runOnlyForDeploymentPostprocessing = 0;
		};
/* End PBXResourcesBuildPhase section */

/* Begin PBXSourcesBuildPhase section */
		7DECC16C2818AE1C003435DA /* Sources */ = {
			isa = PBXSourcesBuildPhase;
			buildActionMask = 2147483647;
			files = (
				7DECC17B2818AE1C003435DA /* ViewController.m in Sources */,
				7DECC1752818AE1C003435DA /* AppDelegate.m in Sources */,
				7DECC1862818AE1E003435DA /* main.m in Sources */,
				7DECC1782818AE1C003435DA /* SceneDelegate.m in Sources */,
			);
			runOnlyForDeploymentPostprocessing = 0;
		};
/* End PBXSourcesBuildPhase section */

/* Begin PBXVariantGroup section */
		7DECC17C2818AE1C003435DA /* Main.storyboard */ = {
			isa = PBXVariantGroup;
			children = (
				7DECC17D2818AE1C003435DA /* Base */,
			);
			name = Main.storyboard;
			sourceTree = "<group>";
		};
		7DECC1812818AE1D003435DA /* LaunchScreen.storyboard */ = {
			isa = PBXVariantGroup;
			children = (
				7DECC1822818AE1D003435DA /* Base */,
			);
			name = LaunchScreen.storyboard;
			sourceTree = "<group>";
		};
/* End PBXVariantGroup section */

/* Begin XCBuildConfiguration section */
		7DECC1872818AE1E003435DA /* Debug */ = {
			isa = XCBuildConfiguration;
			buildSettings = {
				ALWAYS_SEARCH_USER_PATHS = NO;
				CLANG_ANALYZER_NONNULL = YES;
				CLANG_ANALYZER_NUMBER_OBJECT_CONVERSION = YES_AGGRESSIVE;
				CLANG_CXX_LANGUAGE_STANDARD = "gnu++17";
				CLANG_ENABLE_MODULES = YES;
				CLANG_ENABLE_OBJC_ARC = YES;
				CLANG_ENABLE_OBJC_WEAK = YES;
				CLANG_WARN_BLOCK_CAPTURE_AUTORELEASING = YES;
				CLANG_WARN_BOOL_CONVERSION = YES;
				CLANG_WARN_COMMA = YES;
				CLANG_WARN_CONSTANT_CONVERSION = YES;
				CLANG_WARN_DEPRECATED_OBJC_IMPLEMENTATIONS = YES;
				CLANG_WARN_DIRECT_OBJC_ISA_USAGE = YES_ERROR;
				CLANG_WARN_DOCUMENTATION_COMMENTS = YES;
				CLANG_WARN_EMPTY_BODY = YES;
				CLANG_WARN_ENUM_CONVERSION = YES;
				CLANG_WARN_INFINITE_RECURSION = YES;
				CLANG_WARN_INT_CONVERSION = YES;
				CLANG_WARN_NON_LITERAL_NULL_CONVERSION = YES;
				CLANG_WARN_OBJC_IMPLICIT_RETAIN_SELF = YES;
				CLANG_WARN_OBJC_LITERAL_CONVERSION = YES;
				CLANG_WARN_OBJC_ROOT_CLASS = YES_ERROR;
				CLANG_WARN_QUOTED_INCLUDE_IN_FRAMEWORK_HEADER = YES;
				CLANG_WARN_RANGE_LOOP_ANALYSIS = YES;
				CLANG_WARN_STRICT_PROTOTYPES = YES;
				CLANG_WARN_SUSPICIOUS_MOVE = YES;
				CLANG_WARN_UNGUARDED_AVAILABILITY = YES_AGGRESSIVE;
				CLANG_WARN_UNREACHABLE_CODE = YES;
				CLANG_WARN__DUPLICATE_METHOD_MATCH = YES;
				COPY_PHASE_STRIP = NO;
				DEBUG_INFORMATION_FORMAT = dwarf;
				ENABLE_STRICT_OBJC_MSGSEND = YES;
				ENABLE_TESTABILITY = YES;
				GCC_C_LANGUAGE_STANDARD = gnu11;
				GCC_DYNAMIC_NO_PIC = NO;
				GCC_NO_COMMON_BLOCKS = YES;
				GCC_OPTIMIZATION_LEVEL = 0;
				GCC_PREPROCESSOR_DEFINITIONS = (
					"DEBUG=1",
					"$(inherited)",
				);
				GCC_WARN_64_TO_32_BIT_CONVERSION = YES;
				GCC_WARN_ABOUT_RETURN_TYPE = YES_ERROR;
				GCC_WARN_UNDECLARED_SELECTOR = YES;
				GCC_WARN_UNINITIALIZED_AUTOS = YES_AGGRESSIVE;
				GCC_WARN_UNUSED_FUNCTION = YES;
				GCC_WARN_UNUSED_VARIABLE = YES;
				IPHONEOS_DEPLOYMENT_TARGET = 15.4;
				MTL_ENABLE_DEBUG_INFO = INCLUDE_SOURCE;
				MTL_FAST_MATH = YES;
				ONLY_ACTIVE_ARCH = YES;
				SDKROOT = iphoneos;
			};
			name = Debug;
		};
		7DECC1882818AE1E003435DA /* Release */ = {
			isa = XCBuildConfiguration;
			buildSettings = {
				ALWAYS_SEARCH_USER_PATHS = NO;
				CLANG_ANALYZER_NONNULL = YES;
				CLANG_ANALYZER_NUMBER_OBJECT_CONVERSION = YES_AGGRESSIVE;
				CLANG_CXX_LANGUAGE_STANDARD = "gnu++17";
				CLANG_ENABLE_MODULES = YES;
				CLANG_ENABLE_OBJC_ARC = YES;
				CLANG_ENABLE_OBJC_WEAK = YES;
				CLANG_WARN_BLOCK_CAPTURE_AUTORELEASING = YES;
				CLANG_WARN_BOOL_CONVERSION = YES;
				CLANG_WARN_COMMA = YES;
				CLANG_WARN_CONSTANT_CONVERSION = YES;
				CLANG_WARN_DEPRECATED_OBJC_IMPLEMENTATIONS = YES;
				CLANG_WARN_DIRECT_OBJC_ISA_USAGE = YES_ERROR;
				CLANG_WARN_DOCUMENTATION_COMMENTS = YES;
				CLANG_WARN_EMPTY_BODY = YES;
				CLANG_WARN_ENUM_CONVERSION = YES;
				CLANG_WARN_INFINITE_RECURSION = YES;
				CLANG_WARN_INT_CONVERSION = YES;
				CLANG_WARN_NON_LITERAL_NULL_CONVERSION = YES;
				CLANG_WARN_OBJC_IMPLICIT_RETAIN_SELF = YES;
				CLANG_WARN_OBJC_LITERAL_CONVERSION = YES;
				CLANG_WARN_OBJC_ROOT_CLASS = YES_ERROR;
				CLANG_WARN_QUOTED_INCLUDE_IN_FRAMEWORK_HEADER = YES;
				CLANG_WARN_RANGE_LOOP_ANALYSIS = YES;
				CLANG_WARN_STRICT_PROTOTYPES = YES;
				CLANG_WARN_SUSPICIOUS_MOVE = YES;
				CLANG_WARN_UNGUARDED_AVAILABILITY = YES_AGGRESSIVE;
				CLANG_WARN_UNREACHABLE_CODE = YES;
				CLANG_WARN__DUPLICATE_METHOD_MATCH = YES;
				COPY_PHASE_STRIP = NO;
				DEBUG_INFORMATION_FORMAT = "dwarf-with-dsym";
				ENABLE_NS_ASSERTIONS = NO;
				ENABLE_STRICT_OBJC_MSGSEND = YES;
				GCC_C_LANGUAGE_STANDARD = gnu11;
				GCC_NO_COMMON_BLOCKS = YES;
				GCC_WARN_64_TO_32_BIT_CONVERSION = YES;
				GCC_WARN_ABOUT_RETURN_TYPE = YES_ERROR;
				GCC_WARN_UNDECLARED_SELECTOR = YES;
				GCC_WARN_UNINITIALIZED_AUTOS = YES_AGGRESSIVE;
				GCC_WARN_UNUSED_FUNCTION = YES;
				GCC_WARN_UNUSED_VARIABLE = YES;
				IPHONEOS_DEPLOYMENT_TARGET = 15.4;
				MTL_ENABLE_DEBUG_INFO = NO;
				MTL_FAST_MATH = YES;
				SDKROOT = iphoneos;
				VALIDATE_PRODUCT = YES;
			};
			name = Release;
		};
		7DECC18A2818AE1E003435DA /* Debug */ = {
			isa = XCBuildConfiguration;
			buildSettings = {
				ASSETCATALOG_COMPILER_APPICON_NAME = AppIcon;
				ASSETCATALOG_COMPILER_GLOBAL_ACCENT_COLOR_NAME = AccentColor;
				CODE_SIGN_STYLE = Automatic;
				CURRENT_PROJECT_VERSION = 1;
				GENERATE_INFOPLIST_FILE = YES;
				INFOPLIST_FILE = "PreBuiltRealTimeCollaborationObj-C/Info.plist";
				INFOPLIST_KEY_UIApplicationSupportsIndirectInputEvents = YES;
				INFOPLIST_KEY_UILaunchStoryboardName = LaunchScreen;
				INFOPLIST_KEY_UIMainStoryboardFile = Main;
				INFOPLIST_KEY_UISupportedInterfaceOrientations_iPad = "UIInterfaceOrientationPortrait UIInterfaceOrientationPortraitUpsideDown UIInterfaceOrientationLandscapeLeft UIInterfaceOrientationLandscapeRight";
				INFOPLIST_KEY_UISupportedInterfaceOrientations_iPhone = "UIInterfaceOrientationPortrait UIInterfaceOrientationLandscapeLeft UIInterfaceOrientationLandscapeRight";
				LD_RUNPATH_SEARCH_PATHS = (
					"$(inherited)",
					"@executable_path/Frameworks",
				);
				MARKETING_VERSION = 1.0;
				PRODUCT_BUNDLE_IDENTIFIER = "com.pdftron.PreBuiltRealTimeCollaborationObj-C";
				PRODUCT_NAME = "$(TARGET_NAME)";
				SWIFT_EMIT_LOC_STRINGS = YES;
				TARGETED_DEVICE_FAMILY = "1,2";
			};
			name = Debug;
		};
		7DECC18B2818AE1E003435DA /* Release */ = {
			isa = XCBuildConfiguration;
			buildSettings = {
				ASSETCATALOG_COMPILER_APPICON_NAME = AppIcon;
				ASSETCATALOG_COMPILER_GLOBAL_ACCENT_COLOR_NAME = AccentColor;
				CODE_SIGN_STYLE = Automatic;
				CURRENT_PROJECT_VERSION = 1;
				GENERATE_INFOPLIST_FILE = YES;
				INFOPLIST_FILE = "PreBuiltRealTimeCollaborationObj-C/Info.plist";
				INFOPLIST_KEY_UIApplicationSupportsIndirectInputEvents = YES;
				INFOPLIST_KEY_UILaunchStoryboardName = LaunchScreen;
				INFOPLIST_KEY_UIMainStoryboardFile = Main;
				INFOPLIST_KEY_UISupportedInterfaceOrientations_iPad = "UIInterfaceOrientationPortrait UIInterfaceOrientationPortraitUpsideDown UIInterfaceOrientationLandscapeLeft UIInterfaceOrientationLandscapeRight";
				INFOPLIST_KEY_UISupportedInterfaceOrientations_iPhone = "UIInterfaceOrientationPortrait UIInterfaceOrientationLandscapeLeft UIInterfaceOrientationLandscapeRight";
				LD_RUNPATH_SEARCH_PATHS = (
					"$(inherited)",
					"@executable_path/Frameworks",
				);
				MARKETING_VERSION = 1.0;
				PRODUCT_BUNDLE_IDENTIFIER = "com.pdftron.PreBuiltRealTimeCollaborationObj-C";
				PRODUCT_NAME = "$(TARGET_NAME)";
				SWIFT_EMIT_LOC_STRINGS = YES;
				TARGETED_DEVICE_FAMILY = "1,2";
			};
			name = Release;
		};
/* End XCBuildConfiguration section */

/* Begin XCConfigurationList section */
		7DECC16B2818AE1C003435DA /* Build configuration list for PBXProject "PreBuiltRealTimeCollaborationObj-C" */ = {
			isa = XCConfigurationList;
			buildConfigurations = (
				7DECC1872818AE1E003435DA /* Debug */,
				7DECC1882818AE1E003435DA /* Release */,
			);
			defaultConfigurationIsVisible = 0;
			defaultConfigurationName = Release;
		};
		7DECC1892818AE1E003435DA /* Build configuration list for PBXNativeTarget "PreBuiltRealTimeCollaborationObj-C" */ = {
			isa = XCConfigurationList;
			buildConfigurations = (
				7DECC18A2818AE1E003435DA /* Debug */,
				7DECC18B2818AE1E003435DA /* Release */,
			);
			defaultConfigurationIsVisible = 0;
			defaultConfigurationName = Release;
		};
/* End XCConfigurationList section */
	};
	rootObject = 7DECC1682818AE1C003435DA /* Project object */;
}
